// !$*UTF8*$!
{
	archiveVersion = 1;
	classes = {
	};
	objectVersion = 46;
	objects = {

/* Begin PBXBuildFile section */
		6A0F23241CBBB14700BD2FBF /* AppDelegate.swift in Sources */ = {isa = PBXBuildFile; fileRef = 6A0F23231CBBB14700BD2FBF /* AppDelegate.swift */; };
		6A0F23261CBBB14700BD2FBF /* ViewController.swift in Sources */ = {isa = PBXBuildFile; fileRef = 6A0F23251CBBB14700BD2FBF /* ViewController.swift */; };
		6A0F23291CBBB14700BD2FBF /* Main.storyboard in Resources */ = {isa = PBXBuildFile; fileRef = 6A0F23271CBBB14700BD2FBF /* Main.storyboard */; };
		6A0F232B1CBBB14700BD2FBF /* Assets.xcassets in Resources */ = {isa = PBXBuildFile; fileRef = 6A0F232A1CBBB14700BD2FBF /* Assets.xcassets */; };
		6A0F232E1CBBB14700BD2FBF /* LaunchScreen.storyboard in Resources */ = {isa = PBXBuildFile; fileRef = 6A0F232C1CBBB14700BD2FBF /* LaunchScreen.storyboard */; };
/* End PBXBuildFile section */

/* Begin PBXFileReference section */
		6A0F23201CBBB14700BD2FBF /* TKDotSegment.app */ = {isa = PBXFileReference; explicitFileType = wrapper.application; includeInIndex = 0; path = TKDotSegment.app; sourceTree = BUILT_PRODUCTS_DIR; };
		6A0F23231CBBB14700BD2FBF /* AppDelegate.swift */ = {isa = PBXFileReference; lastKnownFileType = sourcecode.swift; path = AppDelegate.swift; sourceTree = "<group>"; };
		6A0F23251CBBB14700BD2FBF /* ViewController.swift */ = {isa = PBXFileReference; lastKnownFileType = sourcecode.swift; path = ViewController.swift; sourceTree = "<group>"; };
		6A0F23281CBBB14700BD2FBF /* Base */ = {isa = PBXFileReference; lastKnownFileType = file.storyboard; name = Base; path = Base.lproj/Main.storyboard; sourceTree = "<group>"; };
		6A0F232A1CBBB14700BD2FBF /* Assets.xcassets */ = {isa = PBXFileReference; lastKnownFileType = folder.assetcatalog; path = Assets.xcassets; sourceTree = "<group>"; };
		6A0F232D1CBBB14700BD2FBF /* Base */ = {isa = PBXFileReference; lastKnownFileType = file.storyboard; name = Base; path = Base.lproj/LaunchScreen.storyboard; sourceTree = "<group>"; };
		6A0F232F1CBBB14700BD2FBF /* Info.plist */ = {isa = PBXFileReference; lastKnownFileType = text.plist.xml; path = Info.plist; sourceTree = "<group>"; };
/* End PBXFileReference section */

/* Begin PBXFrameworksBuildPhase section */
		6A0F231D1CBBB14700BD2FBF /* Frameworks */ = {
			isa = PBXFrameworksBuildPhase;
			buildActionMask = 2147483647;
			files = (
			);
			runOnlyForDeploymentPostprocessing = 0;
		};
/* End PBXFrameworksBuildPhase section */

/* Begin PBXGroup section */
		6A0F23171CBBB14700BD2FBF = {
			isa = PBXGroup;
			children = (
				6A0F23221CBBB14700BD2FBF /* TKDotSegment */,
				6A0F23211CBBB14700BD2FBF /* Products */,
			);
			sourceTree = "<group>";
		};
		6A0F23211CBBB14700BD2FBF /* Products */ = {
			isa = PBXGroup;
			children = (
				6A0F23201CBBB14700BD2FBF /* TKDotSegment.app */,
			);
			name = Products;
			sourceTree = "<group>";
		};
		6A0F23221CBBB14700BD2FBF /* TKDotSegment */ = {
			isa = PBXGroup;
			children = (
				6A0F23231CBBB14700BD2FBF /* AppDelegate.swift */,
				6A0F23251CBBB14700BD2FBF /* ViewController.swift */,
				6A0F23271CBBB14700BD2FBF /* Main.storyboard */,
				6A0F232A1CBBB14700BD2FBF /* Assets.xcassets */,
				6A0F232C1CBBB14700BD2FBF /* LaunchScreen.storyboard */,
				6A0F232F1CBBB14700BD2FBF /* Info.plist */,
			);
			path = TKDotSegment;
			sourceTree = "<group>";
		};
/* End PBXGroup section */

/* Begin PBXNativeTarget section */
		6A0F231F1CBBB14700BD2FBF /* TKDotSegment */ = {
			isa = PBXNativeTarget;
			buildConfigurationList = 6A0F23321CBBB14700BD2FBF /* Build configuration list for PBXNativeTarget "TKDotSegment" */;
			buildPhases = (
				6A0F231C1CBBB14700BD2FBF /* Sources */,
				6A0F231D1CBBB14700BD2FBF /* Frameworks */,
				6A0F231E1CBBB14700BD2FBF /* Resources */,
			);
			buildRules = (
			);
			dependencies = (
			);
			name = TKDotSegment;
			productName = TKDotSegment;
			productReference = 6A0F23201CBBB14700BD2FBF /* TKDotSegment.app */;
			productType = "com.apple.product-type.application";
		};
/* End PBXNativeTarget section */

/* Begin PBXProject section */
		6A0F23181CBBB14700BD2FBF /* Project object */ = {
			isa = PBXProject;
			attributes = {
				LastSwiftUpdateCheck = 0730;
				LastUpgradeCheck = 0730;
				ORGANIZATIONNAME = TBXark;
				TargetAttributes = {
					6A0F231F1CBBB14700BD2FBF = {
						CreatedOnToolsVersion = 7.3;
					};
				};
			};
			buildConfigurationList = 6A0F231B1CBBB14700BD2FBF /* Build configuration list for PBXProject "TKDotSegment" */;
			compatibilityVersion = "Xcode 3.2";
			developmentRegion = English;
			hasScannedForEncodings = 0;
			knownRegions = (
				en,
				Base,
			);
			mainGroup = 6A0F23171CBBB14700BD2FBF;
			productRefGroup = 6A0F23211CBBB14700BD2FBF /* Products */;
			projectDirPath = "";
			projectRoot = "";
			targets = (
				6A0F231F1CBBB14700BD2FBF /* TKDotSegment */,
			);
		};
/* End PBXProject section */

/* Begin PBXResourcesBuildPhase section */
		6A0F231E1CBBB14700BD2FBF /* Resources */ = {
			isa = PBXResourcesBuildPhase;
			buildActionMask = 2147483647;
			files = (
				6A0F232E1CBBB14700BD2FBF /* LaunchScreen.storyboard in Resources */,
				6A0F232B1CBBB14700BD2FBF /* Assets.xcassets in Resources */,
				6A0F23291CBBB14700BD2FBF /* Main.storyboard in Resources */,
			);
			runOnlyForDeploymentPostprocessing = 0;
		};
/* End PBXResourcesBuildPhase section */

/* Begin PBXSourcesBuildPhase section */
		6A0F231C1CBBB14700BD2FBF /* Sources */ = {
			isa = PBXSourcesBuildPhase;
			buildActionMask = 2147483647;
			files = (
				6A0F23261CBBB14700BD2FBF /* ViewController.swift in Sources */,
				6A0F23241CBBB14700BD2FBF /* AppDelegate.swift in Sources */,
			);
			runOnlyForDeploymentPostprocessing = 0;
		};
/* End PBXSourcesBuildPhase section */

/* Begin PBXVariantGroup section */
		6A0F23271CBBB14700BD2FBF /* Main.storyboard */ = {
			isa = PBXVariantGroup;
			children = (
				6A0F23281CBBB14700BD2FBF /* Base */,
			);
			name = Main.storyboard;
			sourceTree = "<group>";
		};
		6A0F232C1CBBB14700BD2FBF /* LaunchScreen.storyboard */ = {
			isa = PBXVariantGroup;
			children = (
				6A0F232D1CBBB14700BD2FBF /* Base */,
			);
			name = LaunchScreen.storyboard;
			sourceTree = "<group>";
		};
/* End PBXVariantGroup section */

/* Begin XCBuildConfiguration section */
		6A0F23301CBBB14700BD2FBF /* Debug */ = {
			isa = XCBuildConfiguration;
			buildSettings = {
				ALWAYS_SEARCH_USER_PATHS = NO;
				CLANG_ANALYZER_NONNULL = YES;
				CLANG_CXX_LANGUAGE_STANDARD = "gnu++0x";
				CLANG_CXX_LIBRARY = "libc++";
				CLANG_ENABLE_MODULES = YES;
				CLANG_ENABLE_OBJC_ARC = YES;
				CLANG_WARN_BOOL_CONVERSION = YES;
				CLANG_WARN_CONSTANT_CONVERSION = YES;
				CLANG_WARN_DIRECT_OBJC_ISA_USAGE = YES_ERROR;
				CLANG_WARN_EMPTY_BODY = YES;
				CLANG_WARN_ENUM_CONVERSION = YES;
				CLANG_WARN_INT_CONVERSION = YES;
				CLANG_WARN_OBJC_ROOT_CLASS = YES_ERROR;
				CLANG_WARN_UNREACHABLE_CODE = YES;
				CLANG_WARN__DUPLICATE_METHOD_MATCH = YES;
				"CODE_SIGN_IDENTITY[sdk=iphoneos*]" = "iPhone Developer";
				COPY_PHASE_STRIP = NO;
				DEBUG_INFORMATION_FORMAT = dwarf;
				ENABLE_STRICT_OBJC_MSGSEND = YES;
				ENABLE_TESTABILITY = YES;
				GCC_C_LANGUAGE_STANDARD = gnu99;
				GCC_DYNAMIC_NO_PIC = NO;
				GCC_NO_COMMON_BLOCKS = YES;
				GCC_OPTIMIZATION_LEVEL = 0;
				GCC_PREPROCESSOR_DEFINITIONS = (
					"DEBUG=1",
					"$(inherited)",
				);
				GCC_WARN_64_TO_32_BIT_CONVERSION = YES;
				GCC_WARN_ABOUT_RETURN_TYPE = YES_ERROR;
				GCC_WARN_UNDECLARED_SELECTOR = YES;
				GCC_WARN_UNINITIALIZED_AUTOS = YES_AGGRESSIVE;
				GCC_WARN_UNUSED_FUNCTION = YES;
				GCC_WARN_UNUSED_VARIABLE = YES;
				IPHONEOS_DEPLOYMENT_TARGET = 9.3;
				MTL_ENABLE_DEBUG_INFO = YES;
				ONLY_ACTIVE_ARCH = YES;
				SDKROOT = iphoneos;
				SWIFT_OPTIMIZATION_LEVEL = "-Onone";
			};
			name = Debug;
		};
		6A0F23311CBBB14700BD2FBF /* Release */ = {
			isa = XCBuildConfiguration;
			buildSettings = {
				ALWAYS_SEARCH_USER_PATHS = NO;
				CLANG_ANALYZER_NONNULL = YES;
				CLANG_CXX_LANGUAGE_STANDARD = "gnu++0x";
				CLANG_CXX_LIBRARY = "libc++";
				CLANG_ENABLE_MODULES = YES;
				CLANG_ENABLE_OBJC_ARC = YES;
				CLANG_WARN_BOOL_CONVERSION = YES;
				CLANG_WARN_CONSTANT_CONVERSION = YES;
				CLANG_WARN_DIRECT_OBJC_ISA_USAGE = YES_ERROR;
				CLANG_WARN_EMPTY_BODY = YES;
				CLANG_WARN_ENUM_CONVERSION = YES;
				CLANG_WARN_INT_CONVERSION = YES;
				CLANG_WARN_OBJC_ROOT_CLASS = YES_ERROR;
				CLANG_WARN_UNREACHABLE_CODE = YES;
				CLANG_WARN__DUPLICATE_METHOD_MATCH = YES;
				"CODE_SIGN_IDENTITY[sdk=iphoneos*]" = "iPhone Developer";
				COPY_PHASE_STRIP = NO;
				DEBUG_INFORMATION_FORMAT = "dwarf-with-dsym";
				ENABLE_NS_ASSERTIONS = NO;
				ENABLE_STRICT_OBJC_MSGSEND = YES;
				GCC_C_LANGUAGE_STANDARD = gnu99;
				GCC_NO_COMMON_BLOCKS = YES;
				GCC_WARN_64_TO_32_BIT_CONVERSION = YES;
				GCC_WARN_ABOUT_RETURN_TYPE = YES_ERROR;
				GCC_WARN_UNDECLARED_SELECTOR = YES;
				GCC_WARN_UNINITIALIZED_AUTOS = YES_AGGRESSIVE;
				GCC_WARN_UNUSED_FUNCTION = YES;
				GCC_WARN_UNUSED_VARIABLE = YES;
				IPHONEOS_DEPLOYMENT_TARGET = 9.3;
				MTL_ENABLE_DEBUG_INFO = NO;
				SDKROOT = iphoneos;
				VALIDATE_PRODUCT = YES;
			};
			name = Release;
		};
		6A0F23331CBBB14700BD2FBF /* Debug */ = {
			isa = XCBuildConfiguration;
			buildSettings = {
				ASSETCATALOG_COMPILER_APPICON_NAME = AppIcon;
				INFOPLIST_FILE = TKDotSegment/Info.plist;
				LD_RUNPATH_SEARCH_PATHS = "$(inherited) @executable_path/Frameworks";
				PRODUCT_BUNDLE_IDENTIFIER = com.TBXark.TKDotSegment;
				PRODUCT_NAME = "$(TARGET_NAME)";
			};
			name = Debug;
		};
		6A0F23341CBBB14700BD2FBF /* Release */ = {
			isa = XCBuildConfiguration;
			buildSettings = {
				ASSETCATALOG_COMPILER_APPICON_NAME = AppIcon;
				INFOPLIST_FILE = TKDotSegment/Info.plist;
				LD_RUNPATH_SEARCH_PATHS = "$(inherited) @executable_path/Frameworks";
				PRODUCT_BUNDLE_IDENTIFIER = com.TBXark.TKDotSegment;
				PRODUCT_NAME = "$(TARGET_NAME)";
			};
			name = Release;
		};
/* End XCBuildConfiguration section */

/* Begin XCConfigurationList section */
		6A0F231B1CBBB14700BD2FBF /* Build configuration list for PBXProject "TKDotSegment" */ = {
			isa = XCConfigurationList;
			buildConfigurations = (
				6A0F23301CBBB14700BD2FBF /* Debug */,
				6A0F23311CBBB14700BD2FBF /* Release */,
			);
			defaultConfigurationIsVisible = 0;
			defaultConfigurationName = Release;
		};
		6A0F23321CBBB14700BD2FBF /* Build configuration list for PBXNativeTarget "TKDotSegment" */ = {
			isa = XCConfigurationList;
			buildConfigurations = (
				6A0F23331CBBB14700BD2FBF /* Debug */,
				6A0F23341CBBB14700BD2FBF /* Release */,
			);
			defaultConfigurationIsVisible = 0;
		};
/* End XCConfigurationList section */
	};
	rootObject = 6A0F23181CBBB14700BD2FBF /* Project object */;
}
