// !$*UTF8*$!
{
	archiveVersion = 1;
	classes = {
	};
	objectVersion = 48;
	objects = {

/* Begin PBXBuildFile section */
		6AFF565E1F76DEF700AE7595 /* AppDelegate.swift in Sources */ = {isa = PBXBuildFile; fileRef = 6AFF565D1F76DEF700AE7595 /* AppDelegate.swift */; };
		6AFF56601F76DEF700AE7595 /* ViewController.swift in Sources */ = {isa = PBXBuildFile; fileRef = 6AFF565F1F76DEF700AE7595 /* ViewController.swift */; };
		6AFF56631F76DEF700AE7595 /* Main.storyboard in Resources */ = {isa = PBXBuildFile; fileRef = 6AFF56611F76DEF700AE7595 /* Main.storyboard */; };
		6AFF56651F76DEF700AE7595 /* Assets.xcassets in Resources */ = {isa = PBXBuildFile; fileRef = 6AFF56641F76DEF700AE7595 /* Assets.xcassets */; };
		6AFF56681F76DEF700AE7595 /* LaunchScreen.storyboard in Resources */ = {isa = PBXBuildFile; fileRef = 6AFF56661F76DEF700AE7595 /* LaunchScreen.storyboard */; };
		6AFF56781F76DF0400AE7595 /* TKDotSegment.h in Headers */ = {isa = PBXBuildFile; fileRef = 6AFF56761F76DF0400AE7595 /* TKDotSegment.h */; settings = {ATTRIBUTES = (Public, ); }; };
		6AFF567B1F76DF0400AE7595 /* TKDotSegment.framework in Frameworks */ = {isa = PBXBuildFile; fileRef = 6AFF56741F76DF0400AE7595 /* TKDotSegment.framework */; };
		6AFF567C1F76DF0400AE7595 /* TKDotSegment.framework in Embed Frameworks */ = {isa = PBXBuildFile; fileRef = 6AFF56741F76DF0400AE7595 /* TKDotSegment.framework */; settings = {ATTRIBUTES = (CodeSignOnCopy, RemoveHeadersOnCopy, ); }; };
		6AFF56821F76DF2F00AE7595 /* TKDotSegmentControl.swift in Sources */ = {isa = PBXBuildFile; fileRef = 6AFF56811F76DF2F00AE7595 /* TKDotSegmentControl.swift */; };
/* End PBXBuildFile section */

/* Begin PBXContainerItemProxy section */
		6AFF56791F76DF0400AE7595 /* PBXContainerItemProxy */ = {
			isa = PBXContainerItemProxy;
			containerPortal = 6AFF56521F76DEF700AE7595 /* Project object */;
			proxyType = 1;
			remoteGlobalIDString = 6AFF56731F76DF0400AE7595;
			remoteInfo = TKDotSegment;
		};
/* End PBXContainerItemProxy section */

/* Begin PBXCopyFilesBuildPhase section */
		6AFF56801F76DF0400AE7595 /* Embed Frameworks */ = {
			isa = PBXCopyFilesBuildPhase;
			buildActionMask = 2147483647;
			dstPath = "";
			dstSubfolderSpec = 10;
			files = (
				6AFF567C1F76DF0400AE7595 /* TKDotSegment.framework in Embed Frameworks */,
			);
			name = "Embed Frameworks";
			runOnlyForDeploymentPostprocessing = 0;
		};
/* End PBXCopyFilesBuildPhase section */

/* Begin PBXFileReference section */
		6AFF565A1F76DEF700AE7595 /* TKDotSegmentDemo.app */ = {isa = PBXFileReference; explicitFileType = wrapper.application; includeInIndex = 0; path = TKDotSegmentDemo.app; sourceTree = BUILT_PRODUCTS_DIR; };
		6AFF565D1F76DEF700AE7595 /* AppDelegate.swift */ = {isa = PBXFileReference; lastKnownFileType = sourcecode.swift; path = AppDelegate.swift; sourceTree = "<group>"; };
		6AFF565F1F76DEF700AE7595 /* ViewController.swift */ = {isa = PBXFileReference; lastKnownFileType = sourcecode.swift; path = ViewController.swift; sourceTree = "<group>"; };
		6AFF56621F76DEF700AE7595 /* Base */ = {isa = PBXFileReference; lastKnownFileType = file.storyboard; name = Base; path = Base.lproj/Main.storyboard; sourceTree = "<group>"; };
		6AFF56641F76DEF700AE7595 /* Assets.xcassets */ = {isa = PBXFileReference; lastKnownFileType = folder.assetcatalog; path = Assets.xcassets; sourceTree = "<group>"; };
		6AFF56671F76DEF700AE7595 /* Base */ = {isa = PBXFileReference; lastKnownFileType = file.storyboard; name = Base; path = Base.lproj/LaunchScreen.storyboard; sourceTree = "<group>"; };
		6AFF56691F76DEF700AE7595 /* Info.plist */ = {isa = PBXFileReference; lastKnownFileType = text.plist.xml; path = Info.plist; sourceTree = "<group>"; };
		6AFF56741F76DF0400AE7595 /* TKDotSegment.framework */ = {isa = PBXFileReference; explicitFileType = wrapper.framework; includeInIndex = 0; path = TKDotSegment.framework; sourceTree = BUILT_PRODUCTS_DIR; };
		6AFF56761F76DF0400AE7595 /* TKDotSegment.h */ = {isa = PBXFileReference; lastKnownFileType = sourcecode.c.h; path = TKDotSegment.h; sourceTree = "<group>"; };
		6AFF56771F76DF0400AE7595 /* Info.plist */ = {isa = PBXFileReference; lastKnownFileType = text.plist.xml; path = Info.plist; sourceTree = "<group>"; };
		6AFF56811F76DF2F00AE7595 /* TKDotSegmentControl.swift */ = {isa = PBXFileReference; lastKnownFileType = sourcecode.swift; path = TKDotSegmentControl.swift; sourceTree = "<group>"; };
/* End PBXFileReference section */

/* Begin PBXFrameworksBuildPhase section */
		6AFF56571F76DEF700AE7595 /* Frameworks */ = {
			isa = PBXFrameworksBuildPhase;
			buildActionMask = 2147483647;
			files = (
				6AFF567B1F76DF0400AE7595 /* TKDotSegment.framework in Frameworks */,
			);
			runOnlyForDeploymentPostprocessing = 0;
		};
		6AFF56701F76DF0400AE7595 /* Frameworks */ = {
			isa = PBXFrameworksBuildPhase;
			buildActionMask = 2147483647;
			files = (
			);
			runOnlyForDeploymentPostprocessing = 0;
		};
/* End PBXFrameworksBuildPhase section */

/* Begin PBXGroup section */
		6AFF56511F76DEF700AE7595 = {
			isa = PBXGroup;
			children = (
				6AFF565C1F76DEF700AE7595 /* TKDotSegmentDemo */,
				6AFF56751F76DF0400AE7595 /* TKDotSegment */,
				6AFF565B1F76DEF700AE7595 /* Products */,
			);
			sourceTree = "<group>";
		};
		6AFF565B1F76DEF700AE7595 /* Products */ = {
			isa = PBXGroup;
			children = (
				6AFF565A1F76DEF700AE7595 /* TKDotSegmentDemo.app */,
				6AFF56741F76DF0400AE7595 /* TKDotSegment.framework */,
			);
			name = Products;
			sourceTree = "<group>";
		};
		6AFF565C1F76DEF700AE7595 /* TKDotSegmentDemo */ = {
			isa = PBXGroup;
			children = (
				6AFF565D1F76DEF700AE7595 /* AppDelegate.swift */,
				6AFF565F1F76DEF700AE7595 /* ViewController.swift */,
				6AFF56611F76DEF700AE7595 /* Main.storyboard */,
				6AFF56641F76DEF700AE7595 /* Assets.xcassets */,
				6AFF56661F76DEF700AE7595 /* LaunchScreen.storyboard */,
				6AFF56691F76DEF700AE7595 /* Info.plist */,
			);
			path = TKDotSegmentDemo;
			sourceTree = "<group>";
		};
		6AFF56751F76DF0400AE7595 /* TKDotSegment */ = {
			isa = PBXGroup;
			children = (
				6AFF56811F76DF2F00AE7595 /* TKDotSegmentControl.swift */,
				6AFF56761F76DF0400AE7595 /* TKDotSegment.h */,
				6AFF56771F76DF0400AE7595 /* Info.plist */,
			);
			path = TKDotSegment;
			sourceTree = "<group>";
		};
/* End PBXGroup section */

/* Begin PBXHeadersBuildPhase section */
		6AFF56711F76DF0400AE7595 /* Headers */ = {
			isa = PBXHeadersBuildPhase;
			buildActionMask = 2147483647;
			files = (
				6AFF56781F76DF0400AE7595 /* TKDotSegment.h in Headers */,
			);
			runOnlyForDeploymentPostprocessing = 0;
		};
/* End PBXHeadersBuildPhase section */

/* Begin PBXNativeTarget section */
		6AFF56591F76DEF700AE7595 /* TKDotSegmentDemo */ = {
			isa = PBXNativeTarget;
			buildConfigurationList = 6AFF566C1F76DEF700AE7595 /* Build configuration list for PBXNativeTarget "TKDotSegmentDemo" */;
			buildPhases = (
				6AFF56561F76DEF700AE7595 /* Sources */,
				6AFF56571F76DEF700AE7595 /* Frameworks */,
				6AFF56581F76DEF700AE7595 /* Resources */,
				6AFF56801F76DF0400AE7595 /* Embed Frameworks */,
			);
			buildRules = (
			);
			dependencies = (
				6AFF567A1F76DF0400AE7595 /* PBXTargetDependency */,
			);
			name = TKDotSegmentDemo;
			productName = TKDotSegmentDemo;
			productReference = 6AFF565A1F76DEF700AE7595 /* TKDotSegmentDemo.app */;
			productType = "com.apple.product-type.application";
		};
		6AFF56731F76DF0400AE7595 /* TKDotSegment */ = {
			isa = PBXNativeTarget;
			buildConfigurationList = 6AFF567D1F76DF0400AE7595 /* Build configuration list for PBXNativeTarget "TKDotSegment" */;
			buildPhases = (
				6AFF566F1F76DF0400AE7595 /* Sources */,
				6AFF56701F76DF0400AE7595 /* Frameworks */,
				6AFF56711F76DF0400AE7595 /* Headers */,
				6AFF56721F76DF0400AE7595 /* Resources */,
			);
			buildRules = (
			);
			dependencies = (
			);
			name = TKDotSegment;
			productName = TKDotSegment;
			productReference = 6AFF56741F76DF0400AE7595 /* TKDotSegment.framework */;
			productType = "com.apple.product-type.framework";
		};
/* End PBXNativeTarget section */

/* Begin PBXProject section */
		6AFF56521F76DEF700AE7595 /* Project object */ = {
			isa = PBXProject;
			attributes = {
				LastSwiftUpdateCheck = 0900;
				LastUpgradeCheck = 0900;
				ORGANIZATIONNAME = Tbxark;
				TargetAttributes = {
					6AFF56591F76DEF700AE7595 = {
						CreatedOnToolsVersion = 9.0;
						ProvisioningStyle = Automatic;
					};
					6AFF56731F76DF0400AE7595 = {
						CreatedOnToolsVersion = 9.0;
						LastSwiftMigration = 0900;
						ProvisioningStyle = Automatic;
					};
				};
			};
			buildConfigurationList = 6AFF56551F76DEF700AE7595 /* Build configuration list for PBXProject "TKDotSegmentDemo" */;
			compatibilityVersion = "Xcode 8.0";
			developmentRegion = en;
			hasScannedForEncodings = 0;
			knownRegions = (
				en,
				Base,
			);
			mainGroup = 6AFF56511F76DEF700AE7595;
			productRefGroup = 6AFF565B1F76DEF700AE7595 /* Products */;
			projectDirPath = "";
			projectRoot = "";
			targets = (
				6AFF56591F76DEF700AE7595 /* TKDotSegmentDemo */,
				6AFF56731F76DF0400AE7595 /* TKDotSegment */,
			);
		};
/* End PBXProject section */

/* Begin PBXResourcesBuildPhase section */
		6AFF56581F76DEF700AE7595 /* Resources */ = {
			isa = PBXResourcesBuildPhase;
			buildActionMask = 2147483647;
			files = (
				6AFF56681F76DEF700AE7595 /* LaunchScreen.storyboard in Resources */,
				6AFF56651F76DEF700AE7595 /* Assets.xcassets in Resources */,
				6AFF56631F76DEF700AE7595 /* Main.storyboard in Resources */,
			);
			runOnlyForDeploymentPostprocessing = 0;
		};
		6AFF56721F76DF0400AE7595 /* Resources */ = {
			isa = PBXResourcesBuildPhase;
			buildActionMask = 2147483647;
			files = (
			);
			runOnlyForDeploymentPostprocessing = 0;
		};
/* End PBXResourcesBuildPhase section */

/* Begin PBXSourcesBuildPhase section */
		6AFF56561F76DEF700AE7595 /* Sources */ = {
			isa = PBXSourcesBuildPhase;
			buildActionMask = 2147483647;
			files = (
				6AFF56601F76DEF700AE7595 /* ViewController.swift in Sources */,
				6AFF565E1F76DEF700AE7595 /* AppDelegate.swift in Sources */,
			);
			runOnlyForDeploymentPostprocessing = 0;
		};
		6AFF566F1F76DF0400AE7595 /* Sources */ = {
			isa = PBXSourcesBuildPhase;
			buildActionMask = 2147483647;
			files = (
				6AFF56821F76DF2F00AE7595 /* TKDotSegmentControl.swift in Sources */,
			);
			runOnlyForDeploymentPostprocessing = 0;
		};
/* End PBXSourcesBuildPhase section */

/* Begin PBXTargetDependency section */
		6AFF567A1F76DF0400AE7595 /* PBXTargetDependency */ = {
			isa = PBXTargetDependency;
			target = 6AFF56731F76DF0400AE7595 /* TKDotSegment */;
			targetProxy = 6AFF56791F76DF0400AE7595 /* PBXContainerItemProxy */;
		};
/* End PBXTargetDependency section */

/* Begin PBXVariantGroup section */
		6AFF56611F76DEF700AE7595 /* Main.storyboard */ = {
			isa = PBXVariantGroup;
			children = (
				6AFF56621F76DEF700AE7595 /* Base */,
			);
			name = Main.storyboard;
			sourceTree = "<group>";
		};
		6AFF56661F76DEF700AE7595 /* LaunchScreen.storyboard */ = {
			isa = PBXVariantGroup;
			children = (
				6AFF56671F76DEF700AE7595 /* Base */,
			);
			name = LaunchScreen.storyboard;
			sourceTree = "<group>";
		};
/* End PBXVariantGroup section */

/* Begin XCBuildConfiguration section */
		6AFF566A1F76DEF700AE7595 /* Debug */ = {
			isa = XCBuildConfiguration;
			buildSettings = {
				ALWAYS_SEARCH_USER_PATHS = NO;
				CLANG_ANALYZER_NONNULL = YES;
				CLANG_ANALYZER_NUMBER_OBJECT_CONVERSION = YES_AGGRESSIVE;
				CLANG_CXX_LANGUAGE_STANDARD = "gnu++14";
				CLANG_CXX_LIBRARY = "libc++";
				CLANG_ENABLE_MODULES = YES;
				CLANG_ENABLE_OBJC_ARC = YES;
				CLANG_WARN_BLOCK_CAPTURE_AUTORELEASING = YES;
				CLANG_WARN_BOOL_CONVERSION = YES;
				CLANG_WARN_COMMA = YES;
				CLANG_WARN_CONSTANT_CONVERSION = YES;
				CLANG_WARN_DIRECT_OBJC_ISA_USAGE = YES_ERROR;
				CLANG_WARN_DOCUMENTATION_COMMENTS = YES;
				CLANG_WARN_EMPTY_BODY = YES;
				CLANG_WARN_ENUM_CONVERSION = YES;
				CLANG_WARN_INFINITE_RECURSION = YES;
				CLANG_WARN_INT_CONVERSION = YES;
				CLANG_WARN_NON_LITERAL_NULL_CONVERSION = YES;
				CLANG_WARN_OBJC_LITERAL_CONVERSION = YES;
				CLANG_WARN_OBJC_ROOT_CLASS = YES_ERROR;
				CLANG_WARN_RANGE_LOOP_ANALYSIS = YES;
				CLANG_WARN_STRICT_PROTOTYPES = YES;
				CLANG_WARN_SUSPICIOUS_MOVE = YES;
				CLANG_WARN_UNGUARDED_AVAILABILITY = YES_AGGRESSIVE;
				CLANG_WARN_UNREACHABLE_CODE = YES;
				CLANG_WARN__DUPLICATE_METHOD_MATCH = YES;
				CODE_SIGN_IDENTITY = "iPhone Developer";
				COPY_PHASE_STRIP = NO;
				DEBUG_INFORMATION_FORMAT = dwarf;
				ENABLE_STRICT_OBJC_MSGSEND = YES;
				ENABLE_TESTABILITY = YES;
				GCC_C_LANGUAGE_STANDARD = gnu11;
				GCC_DYNAMIC_NO_PIC = NO;
				GCC_NO_COMMON_BLOCKS = YES;
				GCC_OPTIMIZATION_LEVEL = 0;
				GCC_PREPROCESSOR_DEFINITIONS = (
					"DEBUG=1",
					"$(inherited)",
				);
				GCC_WARN_64_TO_32_BIT_CONVERSION = YES;
				GCC_WARN_ABOUT_RETURN_TYPE = YES_ERROR;
				GCC_WARN_UNDECLARED_SELECTOR = YES;
				GCC_WARN_UNINITIALIZED_AUTOS = YES_AGGRESSIVE;
				GCC_WARN_UNUSED_FUNCTION = YES;
				GCC_WARN_UNUSED_VARIABLE = YES;
				IPHONEOS_DEPLOYMENT_TARGET = 11.0;
				MTL_ENABLE_DEBUG_INFO = YES;
				ONLY_ACTIVE_ARCH = YES;
				SDKROOT = iphoneos;
				SWIFT_ACTIVE_COMPILATION_CONDITIONS = DEBUG;
				SWIFT_OPTIMIZATION_LEVEL = "-Onone";
			};
			name = Debug;
		};
		6AFF566B1F76DEF700AE7595 /* Release */ = {
			isa = XCBuildConfiguration;
			buildSettings = {
				ALWAYS_SEARCH_USER_PATHS = NO;
				CLANG_ANALYZER_NONNULL = YES;
				CLANG_ANALYZER_NUMBER_OBJECT_CONVERSION = YES_AGGRESSIVE;
				CLANG_CXX_LANGUAGE_STANDARD = "gnu++14";
				CLANG_CXX_LIBRARY = "libc++";
				CLANG_ENABLE_MODULES = YES;
				CLANG_ENABLE_OBJC_ARC = YES;
				CLANG_WARN_BLOCK_CAPTURE_AUTORELEASING = YES;
				CLANG_WARN_BOOL_CONVERSION = YES;
				CLANG_WARN_COMMA = YES;
				CLANG_WARN_CONSTANT_CONVERSION = YES;
				CLANG_WARN_DIRECT_OBJC_ISA_USAGE = YES_ERROR;
				CLANG_WARN_DOCUMENTATION_COMMENTS = YES;
				CLANG_WARN_EMPTY_BODY = YES;
				CLANG_WARN_ENUM_CONVERSION = YES;
				CLANG_WARN_INFINITE_RECURSION = YES;
				CLANG_WARN_INT_CONVERSION = YES;
				CLANG_WARN_NON_LITERAL_NULL_CONVERSION = YES;
				CLANG_WARN_OBJC_LITERAL_CONVERSION = YES;
				CLANG_WARN_OBJC_ROOT_CLASS = YES_ERROR;
				CLANG_WARN_RANGE_LOOP_ANALYSIS = YES;
				CLANG_WARN_STRICT_PROTOTYPES = YES;
				CLANG_WARN_SUSPICIOUS_MOVE = YES;
				CLANG_WARN_UNGUARDED_AVAILABILITY = YES_AGGRESSIVE;
				CLANG_WARN_UNREACHABLE_CODE = YES;
				CLANG_WARN__DUPLICATE_METHOD_MATCH = YES;
				CODE_SIGN_IDENTITY = "iPhone Developer";
				COPY_PHASE_STRIP = NO;
				DEBUG_INFORMATION_FORMAT = "dwarf-with-dsym";
				ENABLE_NS_ASSERTIONS = NO;
				ENABLE_STRICT_OBJC_MSGSEND = YES;
				GCC_C_LANGUAGE_STANDARD = gnu11;
				GCC_NO_COMMON_BLOCKS = YES;
				GCC_WARN_64_TO_32_BIT_CONVERSION = YES;
				GCC_WARN_ABOUT_RETURN_TYPE = YES_ERROR;
				GCC_WARN_UNDECLARED_SELECTOR = YES;
				GCC_WARN_UNINITIALIZED_AUTOS = YES_AGGRESSIVE;
				GCC_WARN_UNUSED_FUNCTION = YES;
				GCC_WARN_UNUSED_VARIABLE = YES;
				IPHONEOS_DEPLOYMENT_TARGET = 11.0;
				MTL_ENABLE_DEBUG_INFO = NO;
				SDKROOT = iphoneos;
				SWIFT_OPTIMIZATION_LEVEL = "-Owholemodule";
				VALIDATE_PRODUCT = YES;
			};
			name = Release;
		};
		6AFF566D1F76DEF700AE7595 /* Debug */ = {
			isa = XCBuildConfiguration;
			buildSettings = {
				ALWAYS_EMBED_SWIFT_STANDARD_LIBRARIES = YES;
				ASSETCATALOG_COMPILER_APPICON_NAME = AppIcon;
				CODE_SIGN_STYLE = Automatic;
				DEVELOPMENT_TEAM = 858CBVXSWP;
				INFOPLIST_FILE = TKDotSegmentDemo/Info.plist;
				LD_RUNPATH_SEARCH_PATHS = "$(inherited) @executable_path/Frameworks";
				PRODUCT_BUNDLE_IDENTIFIER = com.TBXark.TKDotSegmentDemo;
				PRODUCT_NAME = "$(TARGET_NAME)";
				SWIFT_VERSION = 4.0;
				TARGETED_DEVICE_FAMILY = "1,2";
			};
			name = Debug;
		};
		6AFF566E1F76DEF700AE7595 /* Release */ = {
			isa = XCBuildConfiguration;
			buildSettings = {
				ALWAYS_EMBED_SWIFT_STANDARD_LIBRARIES = YES;
				ASSETCATALOG_COMPILER_APPICON_NAME = AppIcon;
				CODE_SIGN_STYLE = Automatic;
				DEVELOPMENT_TEAM = 858CBVXSWP;
				INFOPLIST_FILE = TKDotSegmentDemo/Info.plist;
				LD_RUNPATH_SEARCH_PATHS = "$(inherited) @executable_path/Frameworks";
				PRODUCT_BUNDLE_IDENTIFIER = com.TBXark.TKDotSegmentDemo;
				PRODUCT_NAME = "$(TARGET_NAME)";
				SWIFT_VERSION = 4.0;
				TARGETED_DEVICE_FAMILY = "1,2";
			};
			name = Release;
		};
		6AFF567E1F76DF0400AE7595 /* Debug */ = {
			isa = XCBuildConfiguration;
			buildSettings = {
				CLANG_ENABLE_MODULES = YES;
				CODE_SIGN_IDENTITY = "";
				CODE_SIGN_STYLE = Automatic;
				CURRENT_PROJECT_VERSION = 1;
				DEFINES_MODULE = YES;
				DEVELOPMENT_TEAM = 858CBVXSWP;
				DYLIB_COMPATIBILITY_VERSION = 1;
				DYLIB_CURRENT_VERSION = 1;
				DYLIB_INSTALL_NAME_BASE = "@rpath";
				INFOPLIST_FILE = TKDotSegment/Info.plist;
				INSTALL_PATH = "$(LOCAL_LIBRARY_DIR)/Frameworks";
				LD_RUNPATH_SEARCH_PATHS = "$(inherited) @executable_path/Frameworks @loader_path/Frameworks";
				PRODUCT_BUNDLE_IDENTIFIER = com.TBXark.TKDotSegment;
				PRODUCT_NAME = "$(TARGET_NAME:c99extidentifier)";
				SKIP_INSTALL = YES;
				SWIFT_OPTIMIZATION_LEVEL = "-Onone";
				SWIFT_VERSION = 4.0;
				TARGETED_DEVICE_FAMILY = "1,2";
				VERSIONING_SYSTEM = "apple-generic";
				VERSION_INFO_PREFIX = "";
			};
			name = Debug;
		};
		6AFF567F1F76DF0400AE7595 /* Release */ = {
			isa = XCBuildConfiguration;
			buildSettings = {
				CLANG_ENABLE_MODULES = YES;
				CODE_SIGN_IDENTITY = "";
				CODE_SIGN_STYLE = Automatic;
				CURRENT_PROJECT_VERSION = 1;
				DEFINES_MODULE = YES;
				DEVELOPMENT_TEAM = 858CBVXSWP;
				DYLIB_COMPATIBILITY_VERSION = 1;
				DYLIB_CURRENT_VERSION = 1;
				DYLIB_INSTALL_NAME_BASE = "@rpath";
				INFOPLIST_FILE = TKDotSegment/Info.plist;
				INSTALL_PATH = "$(LOCAL_LIBRARY_DIR)/Frameworks";
				LD_RUNPATH_SEARCH_PATHS = "$(inherited) @executable_path/Frameworks @loader_path/Frameworks";
				PRODUCT_BUNDLE_IDENTIFIER = com.TBXark.TKDotSegment;
				PRODUCT_NAME = "$(TARGET_NAME:c99extidentifier)";
				SKIP_INSTALL = YES;
				SWIFT_VERSION = 4.0;
				TARGETED_DEVICE_FAMILY = "1,2";
				VERSIONING_SYSTEM = "apple-generic";
				VERSION_INFO_PREFIX = "";
			};
			name = Release;
		};
/* End XCBuildConfiguration section */

/* Begin XCConfigurationList section */
		6AFF56551F76DEF700AE7595 /* Build configuration list for PBXProject "TKDotSegmentDemo" */ = {
			isa = XCConfigurationList;
			buildConfigurations = (
				6AFF566A1F76DEF700AE7595 /* Debug */,
				6AFF566B1F76DEF700AE7595 /* Release */,
			);
			defaultConfigurationIsVisible = 0;
			defaultConfigurationName = Release;
		};
		6AFF566C1F76DEF700AE7595 /* Build configuration list for PBXNativeTarget "TKDotSegmentDemo" */ = {
			isa = XCConfigurationList;
			buildConfigurations = (
				6AFF566D1F76DEF700AE7595 /* Debug */,
				6AFF566E1F76DEF700AE7595 /* Release */,
			);
			defaultConfigurationIsVisible = 0;
			defaultConfigurationName = Release;
		};
		6AFF567D1F76DF0400AE7595 /* Build configuration list for PBXNativeTarget "TKDotSegment" */ = {
			isa = XCConfigurationList;
			buildConfigurations = (
				6AFF567E1F76DF0400AE7595 /* Debug */,
				6AFF567F1F76DF0400AE7595 /* Release */,
			);
			defaultConfigurationIsVisible = 0;
			defaultConfigurationName = Release;
		};
/* End XCConfigurationList section */
	};
	rootObject = 6AFF56521F76DEF700AE7595 /* Project object */;
}
